
Microsoft Visual Studio Solution File, Format Version 12.00
# Visual Studio Version 16
VisualStudioVersion = 16.0.31911.196
MinimumVisualStudioVersion = 10.0.40219.1
Project("{FAE04EC0-301F-11D3-BF4B-00C04F79EFBC}") = "foreach_dongusu_hh", "foreach_dongusu_hh\foreach_dongusu_hh.csproj", "{A78FACD8-7CEC-49F4-99E3-25D7081E3FCD}"
EndProject
Global
	GlobalSection(SolutionConfigurationPlatforms) = preSolution
		Debug|Any CPU = Debug|Any CPU
		Release|Any CPU = Release|Any CPU
	EndGlobalSection
	GlobalSection(ProjectConfigurationPlatforms) = postSolution
		{A78FACD8-7CEC-49F4-99E3-25D7081E3FCD}.Debug|Any CPU.ActiveCfg = Debug|Any CPU
		{A78FACD8-7CEC-49F4-99E3-25D7081E3FCD}.Debug|Any CPU.Build.0 = Debug|Any CPU
		{A78FACD8-7CEC-49F4-99E3-25D7081E3FCD}.Release|Any CPU.ActiveCfg = Release|Any CPU
		{A78FACD8-7CEC-49F4-99E3-25D7081E3FCD}.Release|Any CPU.Build.0 = Release|Any CPU
	EndGlobalSection
	GlobalSection(SolutionProperties) = preSolution
		HideSolutionNode = FALSE
	EndGlobalSection
	GlobalSection(ExtensibilityGlobals) = postSolution
		SolutionGuid = {7EFC2FEF-34D5-4AA3-AECC-E4ECDF5BBE3E}
	EndGlobalSection
EndGlobal
