
Microsoft Visual Studio Solution File, Format Version 12.00
# Visual Studio Version 16
VisualStudioVersion = 16.0.31911.196
MinimumVisualStudioVersion = 10.0.40219.1
Project("{FAE04EC0-301F-11D3-BF4B-00C04F79EFBC}") = "personel_proje_hh", "personel_proje_hh\personel_proje_hh.csproj", "{5C2D7BBD-D5D6-4AD5-BE7D-39FFF849E3F5}"
EndProject
Global
	GlobalSection(SolutionConfigurationPlatforms) = preSolution
		Debug|Any CPU = Debug|Any CPU
		Release|Any CPU = Release|Any CPU
	EndGlobalSection
	GlobalSection(ProjectConfigurationPlatforms) = postSolution
		{5C2D7BBD-D5D6-4AD5-BE7D-39FFF849E3F5}.Debug|Any CPU.ActiveCfg = Debug|Any CPU
		{5C2D7BBD-D5D6-4AD5-BE7D-39FFF849E3F5}.Debug|Any CPU.Build.0 = Debug|Any CPU
		{5C2D7BBD-D5D6-4AD5-BE7D-39FFF849E3F5}.Release|Any CPU.ActiveCfg = Release|Any CPU
		{5C2D7BBD-D5D6-4AD5-BE7D-39FFF849E3F5}.Release|Any CPU.Build.0 = Release|Any CPU
	EndGlobalSection
	GlobalSection(SolutionProperties) = preSolution
		HideSolutionNode = FALSE
	EndGlobalSection
	GlobalSection(ExtensibilityGlobals) = postSolution
		SolutionGuid = {C2B6D693-D375-46A8-B796-57D2B95CF6C0}
	EndGlobalSection
EndGlobal
