
Microsoft Visual Studio Solution File, Format Version 12.00
# Visual Studio 2012
Project("{FAE04EC0-301F-11D3-BF4B-00C04F79EFBC}") = "buton_calismasi_21032022", "buton_calismasi_21032022\buton_calismasi_21032022.csproj", "{71A13C8F-AFFA-44ED-8C9E-0F5EC1AAF82A}"
EndProject
Global
	GlobalSection(SolutionConfigurationPlatforms) = preSolution
		Debug|Any CPU = Debug|Any CPU
		Release|Any CPU = Release|Any CPU
	EndGlobalSection
	GlobalSection(ProjectConfigurationPlatforms) = postSolution
		{71A13C8F-AFFA-44ED-8C9E-0F5EC1AAF82A}.Debug|Any CPU.ActiveCfg = Debug|Any CPU
		{71A13C8F-AFFA-44ED-8C9E-0F5EC1AAF82A}.Debug|Any CPU.Build.0 = Debug|Any CPU
		{71A13C8F-AFFA-44ED-8C9E-0F5EC1AAF82A}.Release|Any CPU.ActiveCfg = Release|Any CPU
		{71A13C8F-AFFA-44ED-8C9E-0F5EC1AAF82A}.Release|Any CPU.Build.0 = Release|Any CPU
	EndGlobalSection
	GlobalSection(SolutionProperties) = preSolution
		HideSolutionNode = FALSE
	EndGlobalSection
EndGlobal
